
Microsoft Visual Studio Solution File, Format Version 12.00
# Visual Studio Version 17
VisualStudioVersion = 17.9.34728.123
MinimumVisualStudioVersion = 10.0.40219.1
Project("{FAE04EC0-301F-11D3-BF4B-00C04F79EFBC}") = "ConsoleApp1", "ConsoleApp1.csproj", "{514FECE1-AB74-4AB6-8E59-86CDEE5D7398}"
EndProject
Global
	GlobalSection(SolutionConfigurationPlatforms) = preSolution
		Debug|Any CPU = Debug|Any CPU
		Release|Any CPU = Release|Any CPU
	EndGlobalSection
	GlobalSection(ProjectConfigurationPlatforms) = postSolution
		{514FECE1-AB74-4AB6-8E59-86CDEE5D7398}.Debug|Any CPU.ActiveCfg = Debug|Any CPU
		{514FECE1-AB74-4AB6-8E59-86CDEE5D7398}.Debug|Any CPU.Build.0 = Debug|Any CPU
		{514FECE1-AB74-4AB6-8E59-86CDEE5D7398}.Release|Any CPU.ActiveCfg = Release|Any CPU
		{514FECE1-AB74-4AB6-8E59-86CDEE5D7398}.Release|Any CPU.Build.0 = Release|Any CPU
	EndGlobalSection
	GlobalSection(SolutionProperties) = preSolution
		HideSolutionNode = FALSE
	EndGlobalSection
	GlobalSection(ExtensibilityGlobals) = postSolution
		SolutionGuid = {94220BD8-E132-4E7D-912A-4111E536FB6D}
	EndGlobalSection
EndGlobal
